
Microsoft Visual Studio Solution File, Format Version 12.00
# Visual Studio Version 17
VisualStudioVersion = 17.8.34330.188
MinimumVisualStudioVersion = 10.0.40219.1
Project("{FAE04EC0-301F-11D3-BF4B-00C04F79EFBC}") = "odev.4", "odev.4\odev.4.csproj", "{6519B78B-7799-4DA5-A800-EE4E014F5F2C}"
EndProject
Global
	GlobalSection(SolutionConfigurationPlatforms) = preSolution
		Debug|Any CPU = Debug|Any CPU
		Release|Any CPU = Release|Any CPU
	EndGlobalSection
	GlobalSection(ProjectConfigurationPlatforms) = postSolution
		{6519B78B-7799-4DA5-A800-EE4E014F5F2C}.Debug|Any CPU.ActiveCfg = Debug|Any CPU
		{6519B78B-7799-4DA5-A800-EE4E014F5F2C}.Debug|Any CPU.Build.0 = Debug|Any CPU
		{6519B78B-7799-4DA5-A800-EE4E014F5F2C}.Release|Any CPU.ActiveCfg = Release|Any CPU
		{6519B78B-7799-4DA5-A800-EE4E014F5F2C}.Release|Any CPU.Build.0 = Release|Any CPU
	EndGlobalSection
	GlobalSection(SolutionProperties) = preSolution
		HideSolutionNode = FALSE
	EndGlobalSection
	GlobalSection(ExtensibilityGlobals) = postSolution
		SolutionGuid = {BD4ABEA9-0BA0-4A3D-84EA-C8E868C42266}
	EndGlobalSection
EndGlobal
